{
  "name": "@superset-ui/plugin-chart-box-plot",
  "version": "0.0.0",
  "lockfileVersion": 2,
  "requires": true,
  "packages": {
    "": {
      "name": "@superset-ui/plugin-chart-box-plot",
      "version": "0.0.0",
      "license": "Apache-2.0",
      "dependencies": {
        "@superset-ui/chart-controls": "0.16.9",
        "@superset-ui/core": "0.16.7",
        "@types/echarts": "^4.6.3",
        "echarts": "^5.0.0"
      },
      "peerDependencies": {
        "react": "^16.13.1"
      }
    },
    "node_modules/@babel/runtime": {
      "version": "7.10.3",
      "license": "MIT",
      "dependencies": {
        "regenerator-runtime": "^0.13.4"
      }
    },
    "node_modules/@superset-ui/chart-controls": {
      "version": "0.16.9",
      "license": "Apache-2.0",
      "dependencies": {
        "@superset-ui/core": "0.16.7",
        "lodash": "^4.17.15",
        "prop-types": "^15.7.2"
      },
      "peerDependencies": {
        "@types/react": "*",
        "@types/react-bootstrap": "*",
        "react": "^16.13.1",
        "react-bootstrap": "^0.33.1"
      }
    },
    "node_modules/@superset-ui/core": {
      "version": "0.16.7",
      "license": "Apache-2.0",
      "dependencies": {
        "@babel/runtime": "^7.1.2",
        "@emotion/core": "^10.0.28",
        "@emotion/styled": "^10.0.27",
        "@types/d3-format": "^1.3.0",
        "@types/d3-interpolate": "^1.3.1",
        "@types/d3-scale": "^2.1.1",
        "@types/d3-time": "^1.0.9",
        "@types/d3-time-format": "^2.1.0",
        "@types/lodash": "^4.14.149",
        "@types/rison": "0.0.6",
        "@types/seedrandom": "^2.4.28",
        "@vx/responsive": "^0.0.197",
        "csstype": "^2.6.4",
        "d3-format": "^1.3.2",
        "d3-interpolate": "^1.4.0",
        "d3-scale": "^3.0.0",
        "d3-time": "^1.0.10",
        "d3-time-format": "^2.2.0",
        "emotion-theming": "^10.0.27",
        "fetch-retry": "^4.0.1",
        "jed": "^1.1.1",
        "lodash": "^4.17.11",
        "pretty-ms": "^7.0.0",
        "react-error-boundary": "^1.2.5",
        "reselect": "^4.0.0",
        "rison": "^0.1.1",
        "seedrandom": "^3.0.5",
        "whatwg-fetch": "^3.0.0"
      },
      "peerDependencies": {
        "@types/react": "*",
        "@types/react-bootstrap": "*",
        "@types/react-loadable": "*",
        "react": "^16.13.1",
        "react-bootstrap": "^0.33.1",
        "react-loadable": "^5.5.0"
      }
    },
    "node_modules/@types/echarts": {
      "version": "4.9.7",
      "resolved": "https://registry.npmjs.org/@types/echarts/-/echarts-4.9.7.tgz",
      "integrity": "sha512-+klqEur0+bh1UjR6EpGE023vxpqzPSk58X5JwVEIBu0NOYMaMPKeM/TMnbL43BlDUZv4xttZFdeDdOtFk/YwzQ==",
      "dependencies": {
        "@types/zrender": "*"
      }
    },
    "node_modules/@types/zrender": {
      "version": "4.0.0",
      "resolved": "https://registry.npmjs.org/@types/zrender/-/zrender-4.0.0.tgz",
      "integrity": "sha512-s89GOIeKFiod2KSqHkfd2rzx+T2DVu7ihZCBEBnhFrzvQPUmzvDSBot9Fi1DfMQm9Odg+rTqoMGC38RvrwJK2w=="
    },
    "node_modules/@vx/responsive": {
      "version": "0.0.197",
      "license": "MIT",
      "dependencies": {
        "@types/lodash": "^4.14.146",
        "@types/react": "*",
        "lodash": "^4.17.10",
        "prop-types": "^15.6.1",
        "resize-observer-polyfill": "1.5.1"
      },
      "peerDependencies": {
        "react": "^15.0.0-0 || ^16.0.0-0"
      }
    },
    "node_modules/d3-array": {
      "version": "2.11.0",
      "resolved": "https://registry.npmjs.org/d3-array/-/d3-array-2.11.0.tgz",
      "integrity": "sha512-26clcwmHQEdsLv34oNKq5Ia9tQ26Y/4HqS3dQzF42QBUqymZJ+9PORcN1G52bt37NsL2ABoX4lvyYZc+A9Y0zw==",
      "license": "BSD-3-Clause",
      "dependencies": {
        "internmap": "^1.0.0"
      }
    },
    "node_modules/d3-interpolate": {
      "version": "1.4.0",
      "resolved": "https://registry.npmjs.org/d3-interpolate/-/d3-interpolate-1.4.0.tgz",
      "integrity": "sha512-V9znK0zc3jOPV4VD2zZn0sDhZU3WAE2bmlxdIwwQPPzPjvyLkd8B3JUVdS1IDUFDkWZ72c9qnv1GK2ZagTZ8EA==",
      "license": "BSD-3-Clause",
      "dependencies": {
        "d3-color": "1"
      }
    },
    "node_modules/d3-scale": {
      "version": "3.2.3",
      "resolved": "https://registry.npmjs.org/d3-scale/-/d3-scale-3.2.3.tgz",
      "integrity": "sha512-8E37oWEmEzj57bHcnjPVOBS3n4jqakOeuv1EDdQSiSrYnMCBdMd3nc4HtKk7uia8DUHcY/CGuJ42xxgtEYrX0g==",
      "license": "BSD-3-Clause",
      "dependencies": {
        "d3-array": "^2.3.0",
        "d3-format": "1 - 2",
        "d3-interpolate": "1.2.0 - 2",
        "d3-time": "1 - 2",
        "d3-time-format": "2 - 3"
      }
    },
    "node_modules/d3-time-format": {
      "version": "2.3.0",
      "resolved": "https://registry.npmjs.org/d3-time-format/-/d3-time-format-2.3.0.tgz",
      "integrity": "sha512-guv6b2H37s2Uq/GefleCDtbe0XZAuy7Wa49VGkPVPMfLL9qObgBST3lEHJBMUp8S7NdLQAGIvr2KXk8Hc98iKQ==",
      "license": "BSD-3-Clause",
      "dependencies": {
        "d3-time": "1"
      }
    },
    "node_modules/echarts": {
      "version": "5.0.2",
      "resolved": "https://registry.npmjs.org/echarts/-/echarts-5.0.2.tgz",
      "integrity": "sha512-En0VYpc96nw2/2AZoBWPHsGi471zMublttj50kfFpYAeR4geup0Tj9iVgEXh7QYZFPnRiruDJEjcB5PXZ+BYzQ==",
      "dependencies": {
        "tslib": "2.0.3",
        "zrender": "5.0.4"
      }
    },
    "node_modules/js-tokens": {
      "version": "4.0.0",
      "resolved": "https://registry.npmjs.org/js-tokens/-/js-tokens-4.0.0.tgz",
      "integrity": "sha512-RdJUflcE3cUzKiMqQgsCu06FPu9UdIJO0beYbPhHN4k6apgJtifcoCtT9bcxOpYBtpD2kCM6Sbzg4CausW/PKQ=="
    },
    "node_modules/loose-envify": {
      "version": "1.4.0",
      "resolved": "https://registry.npmjs.org/loose-envify/-/loose-envify-1.4.0.tgz",
      "integrity": "sha512-lyuxPGr/Wfhrlem2CL/UcnUc1zcqKAImBDzukY7Y5F/yQiNdko6+fRLevlw1HgMySw7f611UIY408EtxRSoK3Q==",
      "dependencies": {
        "js-tokens": "^3.0.0 || ^4.0.0"
      },
      "bin": {
        "loose-envify": "cli.js"
      }
    },
    "node_modules/object-assign": {
      "version": "4.1.1",
      "resolved": "https://registry.npmjs.org/object-assign/-/object-assign-4.1.1.tgz",
      "integrity": "sha1-IQmtx5ZYh8/AXLvUQsrIv7s2CGM=",
      "engines": {
        "node": ">=0.10.0"
      }
    },
    "node_modules/prop-types": {
      "version": "15.7.2",
      "resolved": "https://registry.npmjs.org/prop-types/-/prop-types-15.7.2.tgz",
      "integrity": "sha512-8QQikdH7//R2vurIJSutZ1smHYTcLpRWEOlHnzcWHmBYrOGUysKwSsrC89BCiFj3CbrfJ/nXFdJepOVrY1GCHQ==",
      "dependencies": {
        "loose-envify": "^1.4.0",
        "object-assign": "^4.1.1",
        "react-is": "^16.8.1"
      }
    },
    "node_modules/react": {
      "version": "16.14.0",
      "resolved": "https://registry.npmjs.org/react/-/react-16.14.0.tgz",
      "integrity": "sha512-0X2CImDkJGApiAlcf0ODKIneSwBPhqJawOa5wCtKbu7ZECrmS26NvtSILynQ66cgkT/RJ4LidJOc3bUESwmU8g==",
      "peer": true,
      "dependencies": {
        "loose-envify": "^1.1.0",
        "object-assign": "^4.1.1",
        "prop-types": "^15.6.2"
      },
      "engines": {
        "node": ">=0.10.0"
      }
    },
    "node_modules/react-is": {
      "version": "16.13.1",
      "resolved": "https://registry.npmjs.org/react-is/-/react-is-16.13.1.tgz",
      "integrity": "sha512-24e6ynE2H+OKt4kqsOvNd8kBpV65zoxbA4BVsEOB3ARVWQki/DHzaUoC5KuON/BiccDaCCTZBuOcfZs70kR8bQ=="
    },
    "node_modules/tslib": {
      "version": "2.0.3",
      "resolved": "https://registry.npmjs.org/tslib/-/tslib-2.0.3.tgz",
      "integrity": "sha512-uZtkfKblCEQtZKBF6EBXVZeQNl82yqtDQdv+eck8u7tdPxjLu2/lp5/uPW+um2tpuxINHWy3GhiccY7QgEaVHQ=="
    },
    "node_modules/zrender": {
      "version": "5.0.4",
      "resolved": "https://registry.npmjs.org/zrender/-/zrender-5.0.4.tgz",
      "integrity": "sha512-DJpy0yrHYY5CuH6vhb9IINWbjvBUe/56J8aH86Jb7O8rRPAYZ3M2E469Qf5B3EOIfM3o3aUrO5edRQfLJ+l1Qw==",
      "dependencies": {
        "tslib": "2.0.3"
      }
    }
  },
  "dependencies": {
    "@babel/runtime": {
      "version": "7.10.3",
      "requires": {
        "regenerator-runtime": "^0.13.4"
      }
    },
    "@superset-ui/chart-controls": {
      "version": "0.16.9",
      "requires": {
        "@superset-ui/core": "0.16.7",
        "lodash": "^4.17.15",
        "prop-types": "^15.7.2"
      }
    },
    "@superset-ui/core": {
      "version": "0.16.7",
      "requires": {
        "@babel/runtime": "^7.1.2",
        "@emotion/core": "^10.0.28",
        "@emotion/styled": "^10.0.27",
        "@types/d3-format": "^1.3.0",
        "@types/d3-interpolate": "^1.3.1",
        "@types/d3-scale": "^2.1.1",
        "@types/d3-time": "^1.0.9",
        "@types/d3-time-format": "^2.1.0",
        "@types/lodash": "^4.14.149",
        "@types/rison": "0.0.6",
        "@types/seedrandom": "^2.4.28",
        "@vx/responsive": "^0.0.197",
        "csstype": "^2.6.4",
        "d3-format": "^1.3.2",
        "d3-interpolate": "^1.4.0",
        "d3-scale": "^3.0.0",
        "d3-time": "^1.0.10",
        "d3-time-format": "^2.2.0",
        "emotion-theming": "^10.0.27",
        "fetch-retry": "^4.0.1",
        "jed": "^1.1.1",
        "lodash": "^4.17.11",
        "pretty-ms": "^7.0.0",
        "react-error-boundary": "^1.2.5",
        "reselect": "^4.0.0",
        "rison": "^0.1.1",
        "seedrandom": "^3.0.5",
        "whatwg-fetch": "^3.0.0"
      }
    },
    "@types/echarts": {
      "version": "4.9.7",
      "resolved": "https://registry.npmjs.org/@types/echarts/-/echarts-4.9.7.tgz",
      "integrity": "sha512-+klqEur0+bh1UjR6EpGE023vxpqzPSk58X5JwVEIBu0NOYMaMPKeM/TMnbL43BlDUZv4xttZFdeDdOtFk/YwzQ==",
      "requires": {
        "@types/zrender": "*"
      }
    },
    "@types/zrender": {
      "version": "4.0.0",
      "resolved": "https://registry.npmjs.org/@types/zrender/-/zrender-4.0.0.tgz",
      "integrity": "sha512-s89GOIeKFiod2KSqHkfd2rzx+T2DVu7ihZCBEBnhFrzvQPUmzvDSBot9Fi1DfMQm9Odg+rTqoMGC38RvrwJK2w=="
    },
    "@vx/responsive": {
      "version": "0.0.197",
      "requires": {
        "@types/lodash": "^4.14.146",
        "@types/react": "*",
        "lodash": "^4.17.10",
        "prop-types": "^15.6.1",
        "resize-observer-polyfill": "1.5.1"
      }
    },
    "d3-array": {
      "version": "2.11.0",
      "resolved": "https://registry.npmjs.org/d3-array/-/d3-array-2.11.0.tgz",
      "integrity": "sha512-26clcwmHQEdsLv34oNKq5Ia9tQ26Y/4HqS3dQzF42QBUqymZJ+9PORcN1G52bt37NsL2ABoX4lvyYZc+A9Y0zw==",
      "requires": {
        "internmap": "^1.0.0"
      }
    },
    "d3-interpolate": {
      "version": "1.4.0",
      "resolved": "https://registry.npmjs.org/d3-interpolate/-/d3-interpolate-1.4.0.tgz",
      "integrity": "sha512-V9znK0zc3jOPV4VD2zZn0sDhZU3WAE2bmlxdIwwQPPzPjvyLkd8B3JUVdS1IDUFDkWZ72c9qnv1GK2ZagTZ8EA==",
      "requires": {
        "d3-color": "1"
      }
    },
    "d3-scale": {
      "version": "3.2.3",
      "resolved": "https://registry.npmjs.org/d3-scale/-/d3-scale-3.2.3.tgz",
      "integrity": "sha512-8E37oWEmEzj57bHcnjPVOBS3n4jqakOeuv1EDdQSiSrYnMCBdMd3nc4HtKk7uia8DUHcY/CGuJ42xxgtEYrX0g==",
      "requires": {
        "d3-array": "^2.3.0",
        "d3-format": "1 - 2",
        "d3-interpolate": "1.2.0 - 2",
        "d3-time": "1 - 2",
        "d3-time-format": "2 - 3"
      }
    },
    "d3-time-format": {
      "version": "2.3.0",
      "resolved": "https://registry.npmjs.org/d3-time-format/-/d3-time-format-2.3.0.tgz",
      "integrity": "sha512-guv6b2H37s2Uq/GefleCDtbe0XZAuy7Wa49VGkPVPMfLL9qObgBST3lEHJBMUp8S7NdLQAGIvr2KXk8Hc98iKQ==",
      "requires": {
        "d3-time": "1"
      }
    },
    "echarts": {
      "version": "5.0.2",
      "resolved": "https://registry.npmjs.org/echarts/-/echarts-5.0.2.tgz",
      "integrity": "sha512-En0VYpc96nw2/2AZoBWPHsGi471zMublttj50kfFpYAeR4geup0Tj9iVgEXh7QYZFPnRiruDJEjcB5PXZ+BYzQ==",
      "requires": {
        "tslib": "2.0.3",
        "zrender": "5.0.4"
      }
    },
    "js-tokens": {
      "version": "4.0.0",
      "resolved": "https://registry.npmjs.org/js-tokens/-/js-tokens-4.0.0.tgz",
      "integrity": "sha512-RdJUflcE3cUzKiMqQgsCu06FPu9UdIJO0beYbPhHN4k6apgJtifcoCtT9bcxOpYBtpD2kCM6Sbzg4CausW/PKQ=="
    },
    "loose-envify": {
      "version": "1.4.0",
      "resolved": "https://registry.npmjs.org/loose-envify/-/loose-envify-1.4.0.tgz",
      "integrity": "sha512-lyuxPGr/Wfhrlem2CL/UcnUc1zcqKAImBDzukY7Y5F/yQiNdko6+fRLevlw1HgMySw7f611UIY408EtxRSoK3Q==",
      "requires": {
        "js-tokens": "^3.0.0 || ^4.0.0"
      }
    },
    "object-assign": {
      "version": "4.1.1",
      "resolved": "https://registry.npmjs.org/object-assign/-/object-assign-4.1.1.tgz",
      "integrity": "sha1-IQmtx5ZYh8/AXLvUQsrIv7s2CGM="
    },
    "prop-types": {
      "version": "15.7.2",
      "resolved": "https://registry.npmjs.org/prop-types/-/prop-types-15.7.2.tgz",
      "integrity": "sha512-8QQikdH7//R2vurIJSutZ1smHYTcLpRWEOlHnzcWHmBYrOGUysKwSsrC89BCiFj3CbrfJ/nXFdJepOVrY1GCHQ==",
      "requires": {
        "loose-envify": "^1.4.0",
        "object-assign": "^4.1.1",
        "react-is": "^16.8.1"
      }
    },
    "react": {
      "version": "16.14.0",
      "resolved": "https://registry.npmjs.org/react/-/react-16.14.0.tgz",
      "integrity": "sha512-0X2CImDkJGApiAlcf0ODKIneSwBPhqJawOa5wCtKbu7ZECrmS26NvtSILynQ66cgkT/RJ4LidJOc3bUESwmU8g==",
      "peer": true,
      "requires": {
        "loose-envify": "^1.1.0",
        "object-assign": "^4.1.1",
        "prop-types": "^15.6.2"
      }
    },
    "react-is": {
      "version": "16.13.1",
      "resolved": "https://registry.npmjs.org/react-is/-/react-is-16.13.1.tgz",
      "integrity": "sha512-24e6ynE2H+OKt4kqsOvNd8kBpV65zoxbA4BVsEOB3ARVWQki/DHzaUoC5KuON/BiccDaCCTZBuOcfZs70kR8bQ=="
    },
    "tslib": {
      "version": "2.0.3",
      "resolved": "https://registry.npmjs.org/tslib/-/tslib-2.0.3.tgz",
      "integrity": "sha512-uZtkfKblCEQtZKBF6EBXVZeQNl82yqtDQdv+eck8u7tdPxjLu2/lp5/uPW+um2tpuxINHWy3GhiccY7QgEaVHQ=="
    },
    "zrender": {
      "version": "5.0.4",
      "resolved": "https://registry.npmjs.org/zrender/-/zrender-5.0.4.tgz",
      "integrity": "sha512-DJpy0yrHYY5CuH6vhb9IINWbjvBUe/56J8aH86Jb7O8rRPAYZ3M2E469Qf5B3EOIfM3o3aUrO5edRQfLJ+l1Qw==",
      "requires": {
        "tslib": "2.0.3"
      }
    }
  }
}
